
Microsoft Visual Studio Solution File, Format Version 12.00
Project("{FAE04EC0-301F-11D3-BF4B-00C04F79EFBC}") = "Summator", "Summator\Summator.csproj", "{01D2304B-633A-451C-A54E-228A1E218522}"
EndProject
Project("{FAE04EC0-301F-11D3-BF4B-00C04F79EFBC}") = "SummToPay", "SummToPay\SummToPay.csproj", "{9CCF39F0-E035-4100-BC17-961C2AF4E05E}"
EndProject
Project("{FAE04EC0-301F-11D3-BF4B-00C04F79EFBC}") = "PairProgramming", "PairProgramming\PairProgramming.csproj", "{DE8B9E8F-9AAC-40C0-A744-5090A194D5CF}"
EndProject
Project("{FAE04EC0-301F-11D3-BF4B-00C04F79EFBC}") = "ElectronicTable", "ElectronicTable\ElectronicTable.csproj", "{69152C05-C3F1-4CAB-8581-C08D4023412B}"
EndProject
Project("{FAE04EC0-301F-11D3-BF4B-00C04F79EFBC}") = "Report", "Report\Report.csproj", "{E1C3C52C-44C3-451F-BD02-1326DABBC3B7}"
EndProject
Project("{FAE04EC0-301F-11D3-BF4B-00C04F79EFBC}") = "TimeSegments", "TimeSegments\TimeSegments.csproj", "{E436BA28-C1F3-4890-B94F-72F7949EF23C}"
EndProject
Project("{FAE04EC0-301F-11D3-BF4B-00C04F79EFBC}") = "PossibleFriends", "PossibleFriends\PossibleFriends.csproj", "{FD0A889D-E69D-4545-86E4-B32C082DD2FF}"
EndProject
Global
	GlobalSection(SolutionConfigurationPlatforms) = preSolution
		Debug|Any CPU = Debug|Any CPU
		Release|Any CPU = Release|Any CPU
	EndGlobalSection
	GlobalSection(ProjectConfigurationPlatforms) = postSolution
		{01D2304B-633A-451C-A54E-228A1E218522}.Debug|Any CPU.ActiveCfg = Debug|Any CPU
		{01D2304B-633A-451C-A54E-228A1E218522}.Debug|Any CPU.Build.0 = Debug|Any CPU
		{01D2304B-633A-451C-A54E-228A1E218522}.Release|Any CPU.ActiveCfg = Release|Any CPU
		{01D2304B-633A-451C-A54E-228A1E218522}.Release|Any CPU.Build.0 = Release|Any CPU
		{9CCF39F0-E035-4100-BC17-961C2AF4E05E}.Debug|Any CPU.ActiveCfg = Debug|Any CPU
		{9CCF39F0-E035-4100-BC17-961C2AF4E05E}.Debug|Any CPU.Build.0 = Debug|Any CPU
		{9CCF39F0-E035-4100-BC17-961C2AF4E05E}.Release|Any CPU.ActiveCfg = Release|Any CPU
		{9CCF39F0-E035-4100-BC17-961C2AF4E05E}.Release|Any CPU.Build.0 = Release|Any CPU
		{DE8B9E8F-9AAC-40C0-A744-5090A194D5CF}.Debug|Any CPU.ActiveCfg = Debug|Any CPU
		{DE8B9E8F-9AAC-40C0-A744-5090A194D5CF}.Debug|Any CPU.Build.0 = Debug|Any CPU
		{DE8B9E8F-9AAC-40C0-A744-5090A194D5CF}.Release|Any CPU.ActiveCfg = Release|Any CPU
		{DE8B9E8F-9AAC-40C0-A744-5090A194D5CF}.Release|Any CPU.Build.0 = Release|Any CPU
		{69152C05-C3F1-4CAB-8581-C08D4023412B}.Debug|Any CPU.ActiveCfg = Debug|Any CPU
		{69152C05-C3F1-4CAB-8581-C08D4023412B}.Debug|Any CPU.Build.0 = Debug|Any CPU
		{69152C05-C3F1-4CAB-8581-C08D4023412B}.Release|Any CPU.ActiveCfg = Release|Any CPU
		{69152C05-C3F1-4CAB-8581-C08D4023412B}.Release|Any CPU.Build.0 = Release|Any CPU
		{E1C3C52C-44C3-451F-BD02-1326DABBC3B7}.Debug|Any CPU.ActiveCfg = Debug|Any CPU
		{E1C3C52C-44C3-451F-BD02-1326DABBC3B7}.Debug|Any CPU.Build.0 = Debug|Any CPU
		{E1C3C52C-44C3-451F-BD02-1326DABBC3B7}.Release|Any CPU.ActiveCfg = Release|Any CPU
		{E1C3C52C-44C3-451F-BD02-1326DABBC3B7}.Release|Any CPU.Build.0 = Release|Any CPU
		{E436BA28-C1F3-4890-B94F-72F7949EF23C}.Debug|Any CPU.ActiveCfg = Debug|Any CPU
		{E436BA28-C1F3-4890-B94F-72F7949EF23C}.Debug|Any CPU.Build.0 = Debug|Any CPU
		{E436BA28-C1F3-4890-B94F-72F7949EF23C}.Release|Any CPU.ActiveCfg = Release|Any CPU
		{E436BA28-C1F3-4890-B94F-72F7949EF23C}.Release|Any CPU.Build.0 = Release|Any CPU
		{FD0A889D-E69D-4545-86E4-B32C082DD2FF}.Debug|Any CPU.ActiveCfg = Debug|Any CPU
		{FD0A889D-E69D-4545-86E4-B32C082DD2FF}.Debug|Any CPU.Build.0 = Debug|Any CPU
		{FD0A889D-E69D-4545-86E4-B32C082DD2FF}.Release|Any CPU.ActiveCfg = Release|Any CPU
		{FD0A889D-E69D-4545-86E4-B32C082DD2FF}.Release|Any CPU.Build.0 = Release|Any CPU
	EndGlobalSection
EndGlobal
